
Microsoft Visual Studio Solution File, Format Version 12.00
# Visual Studio Version 16
VisualStudioVersion = 16.0.29102.190
MinimumVisualStudioVersion = 10.0.40219.1
Project("{FAE04EC0-301F-11D3-BF4B-00C04F79EFBC}") = "DotNetCoreWebApi", "DotNetCoreWebApi\DotNetCoreWebApi.csproj", "{309E77C4-DE59-411A-A88D-06CA7B7648B1}"
EndProject
Global
	GlobalSection(SolutionConfigurationPlatforms) = preSolution
		Debug|Any CPU = Debug|Any CPU
		Release|Any CPU = Release|Any CPU
	EndGlobalSection
	GlobalSection(ProjectConfigurationPlatforms) = postSolution
		{309E77C4-DE59-411A-A88D-06CA7B7648B1}.Debug|Any CPU.ActiveCfg = Debug|Any CPU
		{309E77C4-DE59-411A-A88D-06CA7B7648B1}.Debug|Any CPU.Build.0 = Debug|Any CPU
		{309E77C4-DE59-411A-A88D-06CA7B7648B1}.Release|Any CPU.ActiveCfg = Release|Any CPU
		{309E77C4-DE59-411A-A88D-06CA7B7648B1}.Release|Any CPU.Build.0 = Release|Any CPU
	EndGlobalSection
	GlobalSection(SolutionProperties) = preSolution
		HideSolutionNode = FALSE
	EndGlobalSection
	GlobalSection(ExtensibilityGlobals) = postSolution
		SolutionGuid = {253402CA-42DD-4CDB-859E-B97B2F30FE52}
	EndGlobalSection
EndGlobal
